
Microsoft Visual Studio Solution File, Format Version 12.00
# Visual Studio 15
VisualStudioVersion = 15.0.27130.2020
MinimumVisualStudioVersion = 10.0.40219.1
Project("{9A19103F-16F7-4668-BE54-9A1E7A4F7556}") = "StrevdeAzureFunctions", "StrevdeAzureFunctions\StrevdeAzureFunctions.csproj", "{AA2F697B-2950-49A4-941A-6F089B082B41}"
EndProject
Global
	GlobalSection(SolutionConfigurationPlatforms) = preSolution
		Debug|Any CPU = Debug|Any CPU
		Release|Any CPU = Release|Any CPU
	EndGlobalSection
	GlobalSection(ProjectConfigurationPlatforms) = postSolution
		{AA2F697B-2950-49A4-941A-6F089B082B41}.Debug|Any CPU.ActiveCfg = Debug|Any CPU
		{AA2F697B-2950-49A4-941A-6F089B082B41}.Debug|Any CPU.Build.0 = Debug|Any CPU
		{AA2F697B-2950-49A4-941A-6F089B082B41}.Release|Any CPU.ActiveCfg = Release|Any CPU
		{AA2F697B-2950-49A4-941A-6F089B082B41}.Release|Any CPU.Build.0 = Release|Any CPU
	EndGlobalSection
	GlobalSection(SolutionProperties) = preSolution
		HideSolutionNode = FALSE
	EndGlobalSection
	GlobalSection(ExtensibilityGlobals) = postSolution
		SolutionGuid = {4619D67B-85A7-477A-954C-CD0E0F0B6509}
	EndGlobalSection
EndGlobal
